
Microsoft Visual Studio Solution File, Format Version 12.00
# Visual Studio Version 17
VisualStudioVersion = 17.6.33829.357
MinimumVisualStudioVersion = 10.0.40219.1
Project("{FAE04EC0-301F-11D3-BF4B-00C04F79EFBC}") = "EX1", "EX1\EX1.csproj", "{90F64814-6025-4FEB-AF3A-E959067C5059}"
EndProject
Global
	GlobalSection(SolutionConfigurationPlatforms) = preSolution
		Debug|Any CPU = Debug|Any CPU
		Release|Any CPU = Release|Any CPU
	EndGlobalSection
	GlobalSection(ProjectConfigurationPlatforms) = postSolution
		{90F64814-6025-4FEB-AF3A-E959067C5059}.Debug|Any CPU.ActiveCfg = Debug|Any CPU
		{90F64814-6025-4FEB-AF3A-E959067C5059}.Debug|Any CPU.Build.0 = Debug|Any CPU
		{90F64814-6025-4FEB-AF3A-E959067C5059}.Release|Any CPU.ActiveCfg = Release|Any CPU
		{90F64814-6025-4FEB-AF3A-E959067C5059}.Release|Any CPU.Build.0 = Release|Any CPU
	EndGlobalSection
	GlobalSection(SolutionProperties) = preSolution
		HideSolutionNode = FALSE
	EndGlobalSection
	GlobalSection(ExtensibilityGlobals) = postSolution
		SolutionGuid = {7644EEE1-B70E-4E52-8795-67F7392C124D}
	EndGlobalSection
EndGlobal
